
Microsoft Visual Studio Solution File, Format Version 12.00
# Visual Studio Version 17
VisualStudioVersion = 17.3.32929.385
MinimumVisualStudioVersion = 10.0.40219.1
Project("{9A19103F-16F7-4668-BE54-9A1E7A4F7556}") = "Numerics_DataBase", "Numerics_DataBase\Numerics_DataBase.csproj", "{C53257C6-C409-4665-97EE-0E070DC7E30D}"
EndProject
Project("{9A19103F-16F7-4668-BE54-9A1E7A4F7556}") = "Numerics_Realtime", "Numerics_Realtime\Numerics_Realtime.csproj", "{219D79BF-4807-494A-A094-A1BF7766C748}"
EndProject
Project("{9A19103F-16F7-4668-BE54-9A1E7A4F7556}") = "Numerics_TeeChart", "Numerics_TeeChart\Numerics_TeeChart.csproj", "{EF58B1CD-0431-4360-BF30-53DEF3961D6F}"
EndProject
Global
	GlobalSection(SolutionConfigurationPlatforms) = preSolution
		Debug|Any CPU = Debug|Any CPU
		Release|Any CPU = Release|Any CPU
	EndGlobalSection
	GlobalSection(ProjectConfigurationPlatforms) = postSolution
		{C53257C6-C409-4665-97EE-0E070DC7E30D}.Debug|Any CPU.ActiveCfg = Debug|Any CPU
		{C53257C6-C409-4665-97EE-0E070DC7E30D}.Debug|Any CPU.Build.0 = Debug|Any CPU
		{C53257C6-C409-4665-97EE-0E070DC7E30D}.Release|Any CPU.ActiveCfg = Release|Any CPU
		{C53257C6-C409-4665-97EE-0E070DC7E30D}.Release|Any CPU.Build.0 = Release|Any CPU
		{219D79BF-4807-494A-A094-A1BF7766C748}.Debug|Any CPU.ActiveCfg = Debug|Any CPU
		{219D79BF-4807-494A-A094-A1BF7766C748}.Debug|Any CPU.Build.0 = Debug|Any CPU
		{219D79BF-4807-494A-A094-A1BF7766C748}.Release|Any CPU.ActiveCfg = Release|Any CPU
		{219D79BF-4807-494A-A094-A1BF7766C748}.Release|Any CPU.Build.0 = Release|Any CPU
		{EF58B1CD-0431-4360-BF30-53DEF3961D6F}.Debug|Any CPU.ActiveCfg = Debug|Any CPU
		{EF58B1CD-0431-4360-BF30-53DEF3961D6F}.Debug|Any CPU.Build.0 = Debug|Any CPU
		{EF58B1CD-0431-4360-BF30-53DEF3961D6F}.Release|Any CPU.ActiveCfg = Release|Any CPU
		{EF58B1CD-0431-4360-BF30-53DEF3961D6F}.Release|Any CPU.Build.0 = Release|Any CPU
	EndGlobalSection
	GlobalSection(SolutionProperties) = preSolution
		HideSolutionNode = FALSE
	EndGlobalSection
	GlobalSection(ExtensibilityGlobals) = postSolution
		SolutionGuid = {E86AD7F8-540B-4DE3-B721-3B7A44C8AB03}
	EndGlobalSection
EndGlobal
